// !$*UTF8*$!
{
	archiveVersion = 1;
	classes = {
	};
	objectVersion = 56;
	objects = {

/* Begin PBXBuildFile section */
		EB5D21202A4F80900026CD9E /* AppDelegate.swift in Sources */ = {isa = PBXBuildFile; fileRef = EB5D211F2A4F80900026CD9E /* AppDelegate.swift */; };
		EB5D21222A4F80900026CD9E /* SceneDelegate.swift in Sources */ = {isa = PBXBuildFile; fileRef = EB5D21212A4F80900026CD9E /* SceneDelegate.swift */; };
		EB5D21242A4F80900026CD9E /* ViewController.swift in Sources */ = {isa = PBXBuildFile; fileRef = EB5D21232A4F80900026CD9E /* ViewController.swift */; };
		EB5D21272A4F80900026CD9E /* Main.storyboard in Resources */ = {isa = PBXBuildFile; fileRef = EB5D21252A4F80900026CD9E /* Main.storyboard */; };
		EB5D21292A4F80910026CD9E /* Assets.xcassets in Resources */ = {isa = PBXBuildFile; fileRef = EB5D21282A4F80910026CD9E /* Assets.xcassets */; };
		EB5D212C2A4F80910026CD9E /* LaunchScreen.storyboard in Resources */ = {isa = PBXBuildFile; fileRef = EB5D212A2A4F80910026CD9E /* LaunchScreen.storyboard */; };
		EB5D21372A4F80910026CD9E /* RickAndMortyAppTests.swift in Sources */ = {isa = PBXBuildFile; fileRef = EB5D21362A4F80910026CD9E /* RickAndMortyAppTests.swift */; };
		EB5D21412A4F80910026CD9E /* RickAndMortyAppUITests.swift in Sources */ = {isa = PBXBuildFile; fileRef = EB5D21402A4F80910026CD9E /* RickAndMortyAppUITests.swift */; };
		EB5D21432A4F80910026CD9E /* RickAndMortyAppUITestsLaunchTests.swift in Sources */ = {isa = PBXBuildFile; fileRef = EB5D21422A4F80910026CD9E /* RickAndMortyAppUITestsLaunchTests.swift */; };
		EB5D21572A4F84530026CD9E /* RickAndMortyViewController.swift in Sources */ = {isa = PBXBuildFile; fileRef = EB5D21562A4F84530026CD9E /* RickAndMortyViewController.swift */; };
		EB7337272A50A337000E57C9 /* SnapKit in Frameworks */ = {isa = PBXBuildFile; productRef = EB7337262A50A337000E57C9 /* SnapKit */; };
		EB7337292A50A673000E57C9 /* RickAndMortyService.swift in Sources */ = {isa = PBXBuildFile; fileRef = EB7337282A50A673000E57C9 /* RickAndMortyService.swift */; };
		EB73372B2A50A68B000E57C9 /* RickAndMortyModel.swift in Sources */ = {isa = PBXBuildFile; fileRef = EB73372A2A50A68B000E57C9 /* RickAndMortyModel.swift */; };
		EB73372E2A50A997000E57C9 /* Alamofire in Frameworks */ = {isa = PBXBuildFile; productRef = EB73372D2A50A997000E57C9 /* Alamofire */; };
		EB7337312A50A9BF000E57C9 /* AlamofireImage in Frameworks */ = {isa = PBXBuildFile; productRef = EB7337302A50A9BF000E57C9 /* AlamofireImage */; };
		EB7337352A50AE84000E57C9 /* RickAndMortyViewModel.swift in Sources */ = {isa = PBXBuildFile; fileRef = EB7337342A50AE84000E57C9 /* RickAndMortyViewModel.swift */; };
/* End PBXBuildFile section */

/* Begin PBXContainerItemProxy section */
		EB5D21332A4F80910026CD9E /* PBXContainerItemProxy */ = {
			isa = PBXContainerItemProxy;
			containerPortal = EB5D21142A4F80900026CD9E /* Project object */;
			proxyType = 1;
			remoteGlobalIDString = EB5D211B2A4F80900026CD9E;
			remoteInfo = RickAndMortyApp;
		};
		EB5D213D2A4F80910026CD9E /* PBXContainerItemProxy */ = {
			isa = PBXContainerItemProxy;
			containerPortal = EB5D21142A4F80900026CD9E /* Project object */;
			proxyType = 1;
			remoteGlobalIDString = EB5D211B2A4F80900026CD9E;
			remoteInfo = RickAndMortyApp;
		};
/* End PBXContainerItemProxy section */

/* Begin PBXFileReference section */
		EB5D211C2A4F80900026CD9E /* RickAndMortyApp.app */ = {isa = PBXFileReference; explicitFileType = wrapper.application; includeInIndex = 0; path = RickAndMortyApp.app; sourceTree = BUILT_PRODUCTS_DIR; };
		EB5D211F2A4F80900026CD9E /* AppDelegate.swift */ = {isa = PBXFileReference; lastKnownFileType = sourcecode.swift; path = AppDelegate.swift; sourceTree = "<group>"; };
		EB5D21212A4F80900026CD9E /* SceneDelegate.swift */ = {isa = PBXFileReference; lastKnownFileType = sourcecode.swift; path = SceneDelegate.swift; sourceTree = "<group>"; };
		EB5D21232A4F80900026CD9E /* ViewController.swift */ = {isa = PBXFileReference; lastKnownFileType = sourcecode.swift; path = ViewController.swift; sourceTree = "<group>"; };
		EB5D21262A4F80900026CD9E /* Base */ = {isa = PBXFileReference; lastKnownFileType = file.storyboard; name = Base; path = Base.lproj/Main.storyboard; sourceTree = "<group>"; };
		EB5D21282A4F80910026CD9E /* Assets.xcassets */ = {isa = PBXFileReference; lastKnownFileType = folder.assetcatalog; path = Assets.xcassets; sourceTree = "<group>"; };
		EB5D212B2A4F80910026CD9E /* Base */ = {isa = PBXFileReference; lastKnownFileType = file.storyboard; name = Base; path = Base.lproj/LaunchScreen.storyboard; sourceTree = "<group>"; };
		EB5D212D2A4F80910026CD9E /* Info.plist */ = {isa = PBXFileReference; lastKnownFileType = text.plist.xml; path = Info.plist; sourceTree = "<group>"; };
		EB5D21322A4F80910026CD9E /* RickAndMortyAppTests.xctest */ = {isa = PBXFileReference; explicitFileType = wrapper.cfbundle; includeInIndex = 0; path = RickAndMortyAppTests.xctest; sourceTree = BUILT_PRODUCTS_DIR; };
		EB5D21362A4F80910026CD9E /* RickAndMortyAppTests.swift */ = {isa = PBXFileReference; lastKnownFileType = sourcecode.swift; path = RickAndMortyAppTests.swift; sourceTree = "<group>"; };
		EB5D213C2A4F80910026CD9E /* RickAndMortyAppUITests.xctest */ = {isa = PBXFileReference; explicitFileType = wrapper.cfbundle; includeInIndex = 0; path = RickAndMortyAppUITests.xctest; sourceTree = BUILT_PRODUCTS_DIR; };
		EB5D21402A4F80910026CD9E /* RickAndMortyAppUITests.swift */ = {isa = PBXFileReference; lastKnownFileType = sourcecode.swift; path = RickAndMortyAppUITests.swift; sourceTree = "<group>"; };
		EB5D21422A4F80910026CD9E /* RickAndMortyAppUITestsLaunchTests.swift */ = {isa = PBXFileReference; lastKnownFileType = sourcecode.swift; path = RickAndMortyAppUITestsLaunchTests.swift; sourceTree = "<group>"; };
		EB5D21562A4F84530026CD9E /* RickAndMortyViewController.swift */ = {isa = PBXFileReference; lastKnownFileType = sourcecode.swift; path = RickAndMortyViewController.swift; sourceTree = "<group>"; };
		EB7337282A50A673000E57C9 /* RickAndMortyService.swift */ = {isa = PBXFileReference; lastKnownFileType = sourcecode.swift; path = RickAndMortyService.swift; sourceTree = "<group>"; };
		EB73372A2A50A68B000E57C9 /* RickAndMortyModel.swift */ = {isa = PBXFileReference; lastKnownFileType = sourcecode.swift; path = RickAndMortyModel.swift; sourceTree = "<group>"; };
		EB7337342A50AE84000E57C9 /* RickAndMortyViewModel.swift */ = {isa = PBXFileReference; lastKnownFileType = sourcecode.swift; path = RickAndMortyViewModel.swift; sourceTree = "<group>"; };
/* End PBXFileReference section */

/* Begin PBXFrameworksBuildPhase section */
		EB5D21192A4F80900026CD9E /* Frameworks */ = {
			isa = PBXFrameworksBuildPhase;
			buildActionMask = 2147483647;
			files = (
				EB7337272A50A337000E57C9 /* SnapKit in Frameworks */,
				EB73372E2A50A997000E57C9 /* Alamofire in Frameworks */,
				EB7337312A50A9BF000E57C9 /* AlamofireImage in Frameworks */,
			);
			runOnlyForDeploymentPostprocessing = 0;
		};
		EB5D212F2A4F80910026CD9E /* Frameworks */ = {
			isa = PBXFrameworksBuildPhase;
			buildActionMask = 2147483647;
			files = (
			);
			runOnlyForDeploymentPostprocessing = 0;
		};
		EB5D21392A4F80910026CD9E /* Frameworks */ = {
			isa = PBXFrameworksBuildPhase;
			buildActionMask = 2147483647;
			files = (
			);
			runOnlyForDeploymentPostprocessing = 0;
		};
/* End PBXFrameworksBuildPhase section */

/* Begin PBXGroup section */
		EB5D21132A4F80900026CD9E = {
			isa = PBXGroup;
			children = (
				EB5D211E2A4F80900026CD9E /* RickAndMortyApp */,
				EB5D21352A4F80910026CD9E /* RickAndMortyAppTests */,
				EB5D213F2A4F80910026CD9E /* RickAndMortyAppUITests */,
				EB5D211D2A4F80900026CD9E /* Products */,
			);
			sourceTree = "<group>";
		};
		EB5D211D2A4F80900026CD9E /* Products */ = {
			isa = PBXGroup;
			children = (
				EB5D211C2A4F80900026CD9E /* RickAndMortyApp.app */,
				EB5D21322A4F80910026CD9E /* RickAndMortyAppTests.xctest */,
				EB5D213C2A4F80910026CD9E /* RickAndMortyAppUITests.xctest */,
			);
			name = Products;
			sourceTree = "<group>";
		};
		EB5D211E2A4F80900026CD9E /* RickAndMortyApp */ = {
			isa = PBXGroup;
			children = (
				EB5D21502A4F83C20026CD9E /* Features */,
				EB5D214F2A4F839F0026CD9E /* Core */,
				EB5D212A2A4F80910026CD9E /* LaunchScreen.storyboard */,
				EB5D212D2A4F80910026CD9E /* Info.plist */,
			);
			path = RickAndMortyApp;
			sourceTree = "<group>";
		};
		EB5D21352A4F80910026CD9E /* RickAndMortyAppTests */ = {
			isa = PBXGroup;
			children = (
				EB5D21362A4F80910026CD9E /* RickAndMortyAppTests.swift */,
			);
			path = RickAndMortyAppTests;
			sourceTree = "<group>";
		};
		EB5D213F2A4F80910026CD9E /* RickAndMortyAppUITests */ = {
			isa = PBXGroup;
			children = (
				EB5D21402A4F80910026CD9E /* RickAndMortyAppUITests.swift */,
				EB5D21422A4F80910026CD9E /* RickAndMortyAppUITestsLaunchTests.swift */,
			);
			path = RickAndMortyAppUITests;
			sourceTree = "<group>";
		};
		EB5D214F2A4F839F0026CD9E /* Core */ = {
			isa = PBXGroup;
			children = (
				EB5D211F2A4F80900026CD9E /* AppDelegate.swift */,
				EB5D21212A4F80900026CD9E /* SceneDelegate.swift */,
				EB5D21232A4F80900026CD9E /* ViewController.swift */,
				EB5D21252A4F80900026CD9E /* Main.storyboard */,
				EB5D21282A4F80910026CD9E /* Assets.xcassets */,
			);
			path = Core;
			sourceTree = "<group>";
		};
		EB5D21502A4F83C20026CD9E /* Features */ = {
			isa = PBXGroup;
			children = (
				EB5D21512A4F83ED0026CD9E /* RickAndMorty */,
			);
			path = Features;
			sourceTree = "<group>";
		};
		EB5D21512A4F83ED0026CD9E /* RickAndMorty */ = {
			isa = PBXGroup;
			children = (
				EB5D21552A4F840E0026CD9E /* Service */,
				EB5D21542A4F84080026CD9E /* Model */,
				EB5D21532A4F84000026CD9E /* ViewModel */,
				EB5D21522A4F83F60026CD9E /* View */,
			);
			path = RickAndMorty;
			sourceTree = "<group>";
		};
		EB5D21522A4F83F60026CD9E /* View */ = {
			isa = PBXGroup;
			children = (
				EB5D21562A4F84530026CD9E /* RickAndMortyViewController.swift */,
			);
			path = View;
			sourceTree = "<group>";
		};
		EB5D21532A4F84000026CD9E /* ViewModel */ = {
			isa = PBXGroup;
			children = (
				EB7337342A50AE84000E57C9 /* RickAndMortyViewModel.swift */,
			);
			path = ViewModel;
			sourceTree = "<group>";
		};
		EB5D21542A4F84080026CD9E /* Model */ = {
			isa = PBXGroup;
			children = (
				EB73372A2A50A68B000E57C9 /* RickAndMortyModel.swift */,
			);
			path = Model;
			sourceTree = "<group>";
		};
		EB5D21552A4F840E0026CD9E /* Service */ = {
			isa = PBXGroup;
			children = (
				EB7337282A50A673000E57C9 /* RickAndMortyService.swift */,
			);
			path = Service;
			sourceTree = "<group>";
		};
/* End PBXGroup section */

/* Begin PBXNativeTarget section */
		EB5D211B2A4F80900026CD9E /* RickAndMortyApp */ = {
			isa = PBXNativeTarget;
			buildConfigurationList = EB5D21462A4F80910026CD9E /* Build configuration list for PBXNativeTarget "RickAndMortyApp" */;
			buildPhases = (
				EB5D21182A4F80900026CD9E /* Sources */,
				EB5D21192A4F80900026CD9E /* Frameworks */,
				EB5D211A2A4F80900026CD9E /* Resources */,
			);
			buildRules = (
			);
			dependencies = (
			);
			name = RickAndMortyApp;
			packageProductDependencies = (
				EB7337262A50A337000E57C9 /* SnapKit */,
				EB73372D2A50A997000E57C9 /* Alamofire */,
				EB7337302A50A9BF000E57C9 /* AlamofireImage */,
			);
			productName = RickAndMortyApp;
			productReference = EB5D211C2A4F80900026CD9E /* RickAndMortyApp.app */;
			productType = "com.apple.product-type.application";
		};
		EB5D21312A4F80910026CD9E /* RickAndMortyAppTests */ = {
			isa = PBXNativeTarget;
			buildConfigurationList = EB5D21492A4F80910026CD9E /* Build configuration list for PBXNativeTarget "RickAndMortyAppTests" */;
			buildPhases = (
				EB5D212E2A4F80910026CD9E /* Sources */,
				EB5D212F2A4F80910026CD9E /* Frameworks */,
				EB5D21302A4F80910026CD9E /* Resources */,
			);
			buildRules = (
			);
			dependencies = (
				EB5D21342A4F80910026CD9E /* PBXTargetDependency */,
			);
			name = RickAndMortyAppTests;
			productName = RickAndMortyAppTests;
			productReference = EB5D21322A4F80910026CD9E /* RickAndMortyAppTests.xctest */;
			productType = "com.apple.product-type.bundle.unit-test";
		};
		EB5D213B2A4F80910026CD9E /* RickAndMortyAppUITests */ = {
			isa = PBXNativeTarget;
			buildConfigurationList = EB5D214C2A4F80910026CD9E /* Build configuration list for PBXNativeTarget "RickAndMortyAppUITests" */;
			buildPhases = (
				EB5D21382A4F80910026CD9E /* Sources */,
				EB5D21392A4F80910026CD9E /* Frameworks */,
				EB5D213A2A4F80910026CD9E /* Resources */,
			);
			buildRules = (
			);
			dependencies = (
				EB5D213E2A4F80910026CD9E /* PBXTargetDependency */,
			);
			name = RickAndMortyAppUITests;
			productName = RickAndMortyAppUITests;
			productReference = EB5D213C2A4F80910026CD9E /* RickAndMortyAppUITests.xctest */;
			productType = "com.apple.product-type.bundle.ui-testing";
		};
/* End PBXNativeTarget section */

/* Begin PBXProject section */
		EB5D21142A4F80900026CD9E /* Project object */ = {
			isa = PBXProject;
			attributes = {
				BuildIndependentTargetsInParallel = 1;
				LastSwiftUpdateCheck = 1430;
				LastUpgradeCheck = 1430;
				TargetAttributes = {
					EB5D211B2A4F80900026CD9E = {
						CreatedOnToolsVersion = 14.3.1;
					};
					EB5D21312A4F80910026CD9E = {
						CreatedOnToolsVersion = 14.3.1;
						TestTargetID = EB5D211B2A4F80900026CD9E;
					};
					EB5D213B2A4F80910026CD9E = {
						CreatedOnToolsVersion = 14.3.1;
						TestTargetID = EB5D211B2A4F80900026CD9E;
					};
				};
			};
			buildConfigurationList = EB5D21172A4F80900026CD9E /* Build configuration list for PBXProject "RickAndMortyApp" */;
			compatibilityVersion = "Xcode 14.0";
			developmentRegion = en;
			hasScannedForEncodings = 0;
			knownRegions = (
				en,
				Base,
			);
			mainGroup = EB5D21132A4F80900026CD9E;
			packageReferences = (
				EB7337252A50A337000E57C9 /* XCRemoteSwiftPackageReference "SnapKit" */,
				EB73372C2A50A997000E57C9 /* XCRemoteSwiftPackageReference "Alamofire" */,
				EB73372F2A50A9BF000E57C9 /* XCRemoteSwiftPackageReference "AlamofireImage" */,
			);
			productRefGroup = EB5D211D2A4F80900026CD9E /* Products */;
			projectDirPath = "";
			projectRoot = "";
			targets = (
				EB5D211B2A4F80900026CD9E /* RickAndMortyApp */,
				EB5D21312A4F80910026CD9E /* RickAndMortyAppTests */,
				EB5D213B2A4F80910026CD9E /* RickAndMortyAppUITests */,
			);
		};
/* End PBXProject section */

/* Begin PBXResourcesBuildPhase section */
		EB5D211A2A4F80900026CD9E /* Resources */ = {
			isa = PBXResourcesBuildPhase;
			buildActionMask = 2147483647;
			files = (
				EB5D212C2A4F80910026CD9E /* LaunchScreen.storyboard in Resources */,
				EB5D21292A4F80910026CD9E /* Assets.xcassets in Resources */,
				EB5D21272A4F80900026CD9E /* Main.storyboard in Resources */,
			);
			runOnlyForDeploymentPostprocessing = 0;
		};
		EB5D21302A4F80910026CD9E /* Resources */ = {
			isa = PBXResourcesBuildPhase;
			buildActionMask = 2147483647;
			files = (
			);
			runOnlyForDeploymentPostprocessing = 0;
		};
		EB5D213A2A4F80910026CD9E /* Resources */ = {
			isa = PBXResourcesBuildPhase;
			buildActionMask = 2147483647;
			files = (
			);
			runOnlyForDeploymentPostprocessing = 0;
		};
/* End PBXResourcesBuildPhase section */

/* Begin PBXSourcesBuildPhase section */
		EB5D21182A4F80900026CD9E /* Sources */ = {
			isa = PBXSourcesBuildPhase;
			buildActionMask = 2147483647;
			files = (
				EB73372B2A50A68B000E57C9 /* RickAndMortyModel.swift in Sources */,
				EB7337292A50A673000E57C9 /* RickAndMortyService.swift in Sources */,
				EB5D21242A4F80900026CD9E /* ViewController.swift in Sources */,
				EB7337352A50AE84000E57C9 /* RickAndMortyViewModel.swift in Sources */,
				EB5D21202A4F80900026CD9E /* AppDelegate.swift in Sources */,
				EB5D21572A4F84530026CD9E /* RickAndMortyViewController.swift in Sources */,
				EB5D21222A4F80900026CD9E /* SceneDelegate.swift in Sources */,
			);
			runOnlyForDeploymentPostprocessing = 0;
		};
		EB5D212E2A4F80910026CD9E /* Sources */ = {
			isa = PBXSourcesBuildPhase;
			buildActionMask = 2147483647;
			files = (
				EB5D21372A4F80910026CD9E /* RickAndMortyAppTests.swift in Sources */,
			);
			runOnlyForDeploymentPostprocessing = 0;
		};
		EB5D21382A4F80910026CD9E /* Sources */ = {
			isa = PBXSourcesBuildPhase;
			buildActionMask = 2147483647;
			files = (
				EB5D21412A4F80910026CD9E /* RickAndMortyAppUITests.swift in Sources */,
				EB5D21432A4F80910026CD9E /* RickAndMortyAppUITestsLaunchTests.swift in Sources */,
			);
			runOnlyForDeploymentPostprocessing = 0;
		};
/* End PBXSourcesBuildPhase section */

/* Begin PBXTargetDependency section */
		EB5D21342A4F80910026CD9E /* PBXTargetDependency */ = {
			isa = PBXTargetDependency;
			target = EB5D211B2A4F80900026CD9E /* RickAndMortyApp */;
			targetProxy = EB5D21332A4F80910026CD9E /* PBXContainerItemProxy */;
		};
		EB5D213E2A4F80910026CD9E /* PBXTargetDependency */ = {
			isa = PBXTargetDependency;
			target = EB5D211B2A4F80900026CD9E /* RickAndMortyApp */;
			targetProxy = EB5D213D2A4F80910026CD9E /* PBXContainerItemProxy */;
		};
/* End PBXTargetDependency section */

/* Begin PBXVariantGroup section */
		EB5D21252A4F80900026CD9E /* Main.storyboard */ = {
			isa = PBXVariantGroup;
			children = (
				EB5D21262A4F80900026CD9E /* Base */,
			);
			name = Main.storyboard;
			sourceTree = "<group>";
		};
		EB5D212A2A4F80910026CD9E /* LaunchScreen.storyboard */ = {
			isa = PBXVariantGroup;
			children = (
				EB5D212B2A4F80910026CD9E /* Base */,
			);
			name = LaunchScreen.storyboard;
			sourceTree = "<group>";
		};
/* End PBXVariantGroup section */

/* Begin XCBuildConfiguration section */
		EB5D21442A4F80910026CD9E /* Debug */ = {
			isa = XCBuildConfiguration;
			buildSettings = {
				ALWAYS_SEARCH_USER_PATHS = NO;
				CLANG_ANALYZER_NONNULL = YES;
				CLANG_ANALYZER_NUMBER_OBJECT_CONVERSION = YES_AGGRESSIVE;
				CLANG_CXX_LANGUAGE_STANDARD = "gnu++20";
				CLANG_ENABLE_MODULES = YES;
				CLANG_ENABLE_OBJC_ARC = YES;
				CLANG_ENABLE_OBJC_WEAK = YES;
				CLANG_WARN_BLOCK_CAPTURE_AUTORELEASING = YES;
				CLANG_WARN_BOOL_CONVERSION = YES;
				CLANG_WARN_COMMA = YES;
				CLANG_WARN_CONSTANT_CONVERSION = YES;
				CLANG_WARN_DEPRECATED_OBJC_IMPLEMENTATIONS = YES;
				CLANG_WARN_DIRECT_OBJC_ISA_USAGE = YES_ERROR;
				CLANG_WARN_DOCUMENTATION_COMMENTS = YES;
				CLANG_WARN_EMPTY_BODY = YES;
				CLANG_WARN_ENUM_CONVERSION = YES;
				CLANG_WARN_INFINITE_RECURSION = YES;
				CLANG_WARN_INT_CONVERSION = YES;
				CLANG_WARN_NON_LITERAL_NULL_CONVERSION = YES;
				CLANG_WARN_OBJC_IMPLICIT_RETAIN_SELF = YES;
				CLANG_WARN_OBJC_LITERAL_CONVERSION = YES;
				CLANG_WARN_OBJC_ROOT_CLASS = YES_ERROR;
				CLANG_WARN_QUOTED_INCLUDE_IN_FRAMEWORK_HEADER = YES;
				CLANG_WARN_RANGE_LOOP_ANALYSIS = YES;
				CLANG_WARN_STRICT_PROTOTYPES = YES;
				CLANG_WARN_SUSPICIOUS_MOVE = YES;
				CLANG_WARN_UNGUARDED_AVAILABILITY = YES_AGGRESSIVE;
				CLANG_WARN_UNREACHABLE_CODE = YES;
				CLANG_WARN__DUPLICATE_METHOD_MATCH = YES;
				COPY_PHASE_STRIP = NO;
				DEBUG_INFORMATION_FORMAT = dwarf;
				ENABLE_STRICT_OBJC_MSGSEND = YES;
				ENABLE_TESTABILITY = YES;
				GCC_C_LANGUAGE_STANDARD = gnu11;
				GCC_DYNAMIC_NO_PIC = NO;
				GCC_NO_COMMON_BLOCKS = YES;
				GCC_OPTIMIZATION_LEVEL = 0;
				GCC_PREPROCESSOR_DEFINITIONS = (
					"DEBUG=1",
					"$(inherited)",
				);
				GCC_WARN_64_TO_32_BIT_CONVERSION = YES;
				GCC_WARN_ABOUT_RETURN_TYPE = YES_ERROR;
				GCC_WARN_UNDECLARED_SELECTOR = YES;
				GCC_WARN_UNINITIALIZED_AUTOS = YES_AGGRESSIVE;
				GCC_WARN_UNUSED_FUNCTION = YES;
				GCC_WARN_UNUSED_VARIABLE = YES;
				IPHONEOS_DEPLOYMENT_TARGET = 16.4;
				MTL_ENABLE_DEBUG_INFO = INCLUDE_SOURCE;
				MTL_FAST_MATH = YES;
				ONLY_ACTIVE_ARCH = YES;
				SDKROOT = iphoneos;
				SWIFT_ACTIVE_COMPILATION_CONDITIONS = DEBUG;
				SWIFT_OPTIMIZATION_LEVEL = "-Onone";
			};
			name = Debug;
		};
		EB5D21452A4F80910026CD9E /* Release */ = {
			isa = XCBuildConfiguration;
			buildSettings = {
				ALWAYS_SEARCH_USER_PATHS = NO;
				CLANG_ANALYZER_NONNULL = YES;
				CLANG_ANALYZER_NUMBER_OBJECT_CONVERSION = YES_AGGRESSIVE;
				CLANG_CXX_LANGUAGE_STANDARD = "gnu++20";
				CLANG_ENABLE_MODULES = YES;
				CLANG_ENABLE_OBJC_ARC = YES;
				CLANG_ENABLE_OBJC_WEAK = YES;
				CLANG_WARN_BLOCK_CAPTURE_AUTORELEASING = YES;
				CLANG_WARN_BOOL_CONVERSION = YES;
				CLANG_WARN_COMMA = YES;
				CLANG_WARN_CONSTANT_CONVERSION = YES;
				CLANG_WARN_DEPRECATED_OBJC_IMPLEMENTATIONS = YES;
				CLANG_WARN_DIRECT_OBJC_ISA_USAGE = YES_ERROR;
				CLANG_WARN_DOCUMENTATION_COMMENTS = YES;
				CLANG_WARN_EMPTY_BODY = YES;
				CLANG_WARN_ENUM_CONVERSION = YES;
				CLANG_WARN_INFINITE_RECURSION = YES;
				CLANG_WARN_INT_CONVERSION = YES;
				CLANG_WARN_NON_LITERAL_NULL_CONVERSION = YES;
				CLANG_WARN_OBJC_IMPLICIT_RETAIN_SELF = YES;
				CLANG_WARN_OBJC_LITERAL_CONVERSION = YES;
				CLANG_WARN_OBJC_ROOT_CLASS = YES_ERROR;
				CLANG_WARN_QUOTED_INCLUDE_IN_FRAMEWORK_HEADER = YES;
				CLANG_WARN_RANGE_LOOP_ANALYSIS = YES;
				CLANG_WARN_STRICT_PROTOTYPES = YES;
				CLANG_WARN_SUSPICIOUS_MOVE = YES;
				CLANG_WARN_UNGUARDED_AVAILABILITY = YES_AGGRESSIVE;
				CLANG_WARN_UNREACHABLE_CODE = YES;
				CLANG_WARN__DUPLICATE_METHOD_MATCH = YES;
				COPY_PHASE_STRIP = NO;
				DEBUG_INFORMATION_FORMAT = "dwarf-with-dsym";
				ENABLE_NS_ASSERTIONS = NO;
				ENABLE_STRICT_OBJC_MSGSEND = YES;
				GCC_C_LANGUAGE_STANDARD = gnu11;
				GCC_NO_COMMON_BLOCKS = YES;
				GCC_WARN_64_TO_32_BIT_CONVERSION = YES;
				GCC_WARN_ABOUT_RETURN_TYPE = YES_ERROR;
				GCC_WARN_UNDECLARED_SELECTOR = YES;
				GCC_WARN_UNINITIALIZED_AUTOS = YES_AGGRESSIVE;
				GCC_WARN_UNUSED_FUNCTION = YES;
				GCC_WARN_UNUSED_VARIABLE = YES;
				IPHONEOS_DEPLOYMENT_TARGET = 16.4;
				MTL_ENABLE_DEBUG_INFO = NO;
				MTL_FAST_MATH = YES;
				SDKROOT = iphoneos;
				SWIFT_COMPILATION_MODE = wholemodule;
				SWIFT_OPTIMIZATION_LEVEL = "-O";
				VALIDATE_PRODUCT = YES;
			};
			name = Release;
		};
		EB5D21472A4F80910026CD9E /* Debug */ = {
			isa = XCBuildConfiguration;
			buildSettings = {
				ASSETCATALOG_COMPILER_APPICON_NAME = AppIcon;
				ASSETCATALOG_COMPILER_GLOBAL_ACCENT_COLOR_NAME = AccentColor;
				CODE_SIGN_STYLE = Automatic;
				CURRENT_PROJECT_VERSION = 1;
				GENERATE_INFOPLIST_FILE = YES;
				INFOPLIST_FILE = RickAndMortyApp/Info.plist;
				INFOPLIST_KEY_UIApplicationSupportsIndirectInputEvents = YES;
				INFOPLIST_KEY_UILaunchStoryboardName = LaunchScreen;
				INFOPLIST_KEY_UIMainStoryboardFile = Main;
				INFOPLIST_KEY_UISupportedInterfaceOrientations_iPad = "UIInterfaceOrientationPortrait UIInterfaceOrientationPortraitUpsideDown UIInterfaceOrientationLandscapeLeft UIInterfaceOrientationLandscapeRight";
				INFOPLIST_KEY_UISupportedInterfaceOrientations_iPhone = "UIInterfaceOrientationPortrait UIInterfaceOrientationLandscapeLeft UIInterfaceOrientationLandscapeRight";
				LD_RUNPATH_SEARCH_PATHS = (
					"$(inherited)",
					"@executable_path/Frameworks",
				);
				MARKETING_VERSION = 1.0;
				PRODUCT_BUNDLE_IDENTIFIER = com.okanorkun.RickAndMortyApp;
				PRODUCT_NAME = "$(TARGET_NAME)";
				SUPPORTED_PLATFORMS = "iphoneos iphonesimulator";
				SUPPORTS_MACCATALYST = NO;
				SUPPORTS_MAC_DESIGNED_FOR_IPHONE_IPAD = NO;
				SWIFT_EMIT_LOC_STRINGS = YES;
				SWIFT_VERSION = 5.0;
				TARGETED_DEVICE_FAMILY = 1;
			};
			name = Debug;
		};
		EB5D21482A4F80910026CD9E /* Release */ = {
			isa = XCBuildConfiguration;
			buildSettings = {
				ASSETCATALOG_COMPILER_APPICON_NAME = AppIcon;
				ASSETCATALOG_COMPILER_GLOBAL_ACCENT_COLOR_NAME = AccentColor;
				CODE_SIGN_STYLE = Automatic;
				CURRENT_PROJECT_VERSION = 1;
				GENERATE_INFOPLIST_FILE = YES;
				INFOPLIST_FILE = RickAndMortyApp/Info.plist;
				INFOPLIST_KEY_UIApplicationSupportsIndirectInputEvents = YES;
				INFOPLIST_KEY_UILaunchStoryboardName = LaunchScreen;
				INFOPLIST_KEY_UIMainStoryboardFile = Main;
				INFOPLIST_KEY_UISupportedInterfaceOrientations_iPad = "UIInterfaceOrientationPortrait UIInterfaceOrientationPortraitUpsideDown UIInterfaceOrientationLandscapeLeft UIInterfaceOrientationLandscapeRight";
				INFOPLIST_KEY_UISupportedInterfaceOrientations_iPhone = "UIInterfaceOrientationPortrait UIInterfaceOrientationLandscapeLeft UIInterfaceOrientationLandscapeRight";
				LD_RUNPATH_SEARCH_PATHS = (
					"$(inherited)",
					"@executable_path/Frameworks",
				);
				MARKETING_VERSION = 1.0;
				PRODUCT_BUNDLE_IDENTIFIER = com.okanorkun.RickAndMortyApp;
				PRODUCT_NAME = "$(TARGET_NAME)";
				SUPPORTED_PLATFORMS = "iphoneos iphonesimulator";
				SUPPORTS_MACCATALYST = NO;
				SUPPORTS_MAC_DESIGNED_FOR_IPHONE_IPAD = NO;
				SWIFT_EMIT_LOC_STRINGS = YES;
				SWIFT_VERSION = 5.0;
				TARGETED_DEVICE_FAMILY = 1;
			};
			name = Release;
		};
		EB5D214A2A4F80910026CD9E /* Debug */ = {
			isa = XCBuildConfiguration;
			buildSettings = {
				ALWAYS_EMBED_SWIFT_STANDARD_LIBRARIES = YES;
				BUNDLE_LOADER = "$(TEST_HOST)";
				CODE_SIGN_STYLE = Automatic;
				CURRENT_PROJECT_VERSION = 1;
				GENERATE_INFOPLIST_FILE = YES;
				IPHONEOS_DEPLOYMENT_TARGET = 16.4;
				MARKETING_VERSION = 1.0;
				PRODUCT_BUNDLE_IDENTIFIER = com.okanorkun.RickAndMortyAppTests;
				PRODUCT_NAME = "$(TARGET_NAME)";
				SWIFT_EMIT_LOC_STRINGS = NO;
				SWIFT_VERSION = 5.0;
				TARGETED_DEVICE_FAMILY = "1,2";
				TEST_HOST = "$(BUILT_PRODUCTS_DIR)/RickAndMortyApp.app/$(BUNDLE_EXECUTABLE_FOLDER_PATH)/RickAndMortyApp";
			};
			name = Debug;
		};
		EB5D214B2A4F80910026CD9E /* Release */ = {
			isa = XCBuildConfiguration;
			buildSettings = {
				ALWAYS_EMBED_SWIFT_STANDARD_LIBRARIES = YES;
				BUNDLE_LOADER = "$(TEST_HOST)";
				CODE_SIGN_STYLE = Automatic;
				CURRENT_PROJECT_VERSION = 1;
				GENERATE_INFOPLIST_FILE = YES;
				IPHONEOS_DEPLOYMENT_TARGET = 16.4;
				MARKETING_VERSION = 1.0;
				PRODUCT_BUNDLE_IDENTIFIER = com.okanorkun.RickAndMortyAppTests;
				PRODUCT_NAME = "$(TARGET_NAME)";
				SWIFT_EMIT_LOC_STRINGS = NO;
				SWIFT_VERSION = 5.0;
				TARGETED_DEVICE_FAMILY = "1,2";
				TEST_HOST = "$(BUILT_PRODUCTS_DIR)/RickAndMortyApp.app/$(BUNDLE_EXECUTABLE_FOLDER_PATH)/RickAndMortyApp";
			};
			name = Release;
		};
		EB5D214D2A4F80910026CD9E /* Debug */ = {
			isa = XCBuildConfiguration;
			buildSettings = {
				ALWAYS_EMBED_SWIFT_STANDARD_LIBRARIES = YES;
				CODE_SIGN_STYLE = Automatic;
				CURRENT_PROJECT_VERSION = 1;
				GENERATE_INFOPLIST_FILE = YES;
				MARKETING_VERSION = 1.0;
				PRODUCT_BUNDLE_IDENTIFIER = com.okanorkun.RickAndMortyAppUITests;
				PRODUCT_NAME = "$(TARGET_NAME)";
				SWIFT_EMIT_LOC_STRINGS = NO;
				SWIFT_VERSION = 5.0;
				TARGETED_DEVICE_FAMILY = "1,2";
				TEST_TARGET_NAME = RickAndMortyApp;
			};
			name = Debug;
		};
		EB5D214E2A4F80910026CD9E /* Release */ = {
			isa = XCBuildConfiguration;
			buildSettings = {
				ALWAYS_EMBED_SWIFT_STANDARD_LIBRARIES = YES;
				CODE_SIGN_STYLE = Automatic;
				CURRENT_PROJECT_VERSION = 1;
				GENERATE_INFOPLIST_FILE = YES;
				MARKETING_VERSION = 1.0;
				PRODUCT_BUNDLE_IDENTIFIER = com.okanorkun.RickAndMortyAppUITests;
				PRODUCT_NAME = "$(TARGET_NAME)";
				SWIFT_EMIT_LOC_STRINGS = NO;
				SWIFT_VERSION = 5.0;
				TARGETED_DEVICE_FAMILY = "1,2";
				TEST_TARGET_NAME = RickAndMortyApp;
			};
			name = Release;
		};
/* End XCBuildConfiguration section */

/* Begin XCConfigurationList section */
		EB5D21172A4F80900026CD9E /* Build configuration list for PBXProject "RickAndMortyApp" */ = {
			isa = XCConfigurationList;
			buildConfigurations = (
				EB5D21442A4F80910026CD9E /* Debug */,
				EB5D21452A4F80910026CD9E /* Release */,
			);
			defaultConfigurationIsVisible = 0;
			defaultConfigurationName = Release;
		};
		EB5D21462A4F80910026CD9E /* Build configuration list for PBXNativeTarget "RickAndMortyApp" */ = {
			isa = XCConfigurationList;
			buildConfigurations = (
				EB5D21472A4F80910026CD9E /* Debug */,
				EB5D21482A4F80910026CD9E /* Release */,
			);
			defaultConfigurationIsVisible = 0;
			defaultConfigurationName = Release;
		};
		EB5D21492A4F80910026CD9E /* Build configuration list for PBXNativeTarget "RickAndMortyAppTests" */ = {
			isa = XCConfigurationList;
			buildConfigurations = (
				EB5D214A2A4F80910026CD9E /* Debug */,
				EB5D214B2A4F80910026CD9E /* Release */,
			);
			defaultConfigurationIsVisible = 0;
			defaultConfigurationName = Release;
		};
		EB5D214C2A4F80910026CD9E /* Build configuration list for PBXNativeTarget "RickAndMortyAppUITests" */ = {
			isa = XCConfigurationList;
			buildConfigurations = (
				EB5D214D2A4F80910026CD9E /* Debug */,
				EB5D214E2A4F80910026CD9E /* Release */,
			);
			defaultConfigurationIsVisible = 0;
			defaultConfigurationName = Release;
		};
/* End XCConfigurationList section */

/* Begin XCRemoteSwiftPackageReference section */
		EB7337252A50A337000E57C9 /* XCRemoteSwiftPackageReference "SnapKit" */ = {
			isa = XCRemoteSwiftPackageReference;
			repositoryURL = "https://github.com/SnapKit/SnapKit.git";
			requirement = {
				kind = upToNextMajorVersion;
				minimumVersion = 5.0.0;
			};
		};
		EB73372C2A50A997000E57C9 /* XCRemoteSwiftPackageReference "Alamofire" */ = {
			isa = XCRemoteSwiftPackageReference;
			repositoryURL = "https://github.com/Alamofire/Alamofire.git";
			requirement = {
				kind = upToNextMajorVersion;
				minimumVersion = 5.0.0;
			};
		};
		EB73372F2A50A9BF000E57C9 /* XCRemoteSwiftPackageReference "AlamofireImage" */ = {
			isa = XCRemoteSwiftPackageReference;
			repositoryURL = "https://github.com/Alamofire/AlamofireImage.git";
			requirement = {
				kind = upToNextMajorVersion;
				minimumVersion = 4.0.0;
			};
		};
/* End XCRemoteSwiftPackageReference section */

/* Begin XCSwiftPackageProductDependency section */
		EB7337262A50A337000E57C9 /* SnapKit */ = {
			isa = XCSwiftPackageProductDependency;
			package = EB7337252A50A337000E57C9 /* XCRemoteSwiftPackageReference "SnapKit" */;
			productName = SnapKit;
		};
		EB73372D2A50A997000E57C9 /* Alamofire */ = {
			isa = XCSwiftPackageProductDependency;
			package = EB73372C2A50A997000E57C9 /* XCRemoteSwiftPackageReference "Alamofire" */;
			productName = Alamofire;
		};
		EB7337302A50A9BF000E57C9 /* AlamofireImage */ = {
			isa = XCSwiftPackageProductDependency;
			package = EB73372F2A50A9BF000E57C9 /* XCRemoteSwiftPackageReference "AlamofireImage" */;
			productName = AlamofireImage;
		};
/* End XCSwiftPackageProductDependency section */
	};
	rootObject = EB5D21142A4F80900026CD9E /* Project object */;
}
